
Microsoft Visual Studio Solution File, Format Version 12.00
# Visual Studio 15
VisualStudioVersion = 15.0.27130.2010
MinimumVisualStudioVersion = 10.0.40219.1
Project("{8BC9CEB8-8B4A-11D0-8D11-00A0C91BC942}") = "xml_parsing", "xml_parsing\xml_parsing.vcxproj", "{3A01E49F-E990-49DF-96C2-2DE5882EB574}"
EndProject
Global
	GlobalSection(SolutionConfigurationPlatforms) = preSolution
		Debug|x64 = Debug|x64
		Debug|x86 = Debug|x86
		Release|x64 = Release|x64
		Release|x86 = Release|x86
	EndGlobalSection
	GlobalSection(ProjectConfigurationPlatforms) = postSolution
		{3A01E49F-E990-49DF-96C2-2DE5882EB574}.Debug|x64.ActiveCfg = Debug|x64
		{3A01E49F-E990-49DF-96C2-2DE5882EB574}.Debug|x64.Build.0 = Debug|x64
		{3A01E49F-E990-49DF-96C2-2DE5882EB574}.Debug|x86.ActiveCfg = Debug|Win32
		{3A01E49F-E990-49DF-96C2-2DE5882EB574}.Debug|x86.Build.0 = Debug|Win32
		{3A01E49F-E990-49DF-96C2-2DE5882EB574}.Release|x64.ActiveCfg = Release|x64
		{3A01E49F-E990-49DF-96C2-2DE5882EB574}.Release|x64.Build.0 = Release|x64
		{3A01E49F-E990-49DF-96C2-2DE5882EB574}.Release|x86.ActiveCfg = Release|Win32
		{3A01E49F-E990-49DF-96C2-2DE5882EB574}.Release|x86.Build.0 = Release|Win32
	EndGlobalSection
	GlobalSection(SolutionProperties) = preSolution
		HideSolutionNode = FALSE
	EndGlobalSection
	GlobalSection(ExtensibilityGlobals) = postSolution
		SolutionGuid = {93FE6EB1-7174-4331-BF86-71E4065A45D3}
	EndGlobalSection
EndGlobal
